
Microsoft Visual Studio Solution File, Format Version 12.00
# Visual Studio 15
VisualStudioVersion = 15.0.27130.2020
MinimumVisualStudioVersion = 10.0.40219.1
Project("{FAE04EC0-301F-11D3-BF4B-00C04F79EFBC}") = "SimpleProactiveBot", "SimpleProactiveBot\SimpleProactiveBot.csproj", "{D1048462-542D-404D-A5D4-0C99E66E3A55}"
EndProject
Project("{FAE04EC0-301F-11D3-BF4B-00C04F79EFBC}") = "Microsoft.Bot.Sample.PizzaBot", "PizzaBot\Microsoft.Bot.Sample.PizzaBot.csproj", "{E8D5ED12-FA37-4756-9BE2-A459E9F29954}"
EndProject
Global
	GlobalSection(SolutionConfigurationPlatforms) = preSolution
		Debug|Any CPU = Debug|Any CPU
		Release|Any CPU = Release|Any CPU
	EndGlobalSection
	GlobalSection(ProjectConfigurationPlatforms) = postSolution
		{D1048462-542D-404D-A5D4-0C99E66E3A55}.Debug|Any CPU.ActiveCfg = Debug|Any CPU
		{D1048462-542D-404D-A5D4-0C99E66E3A55}.Debug|Any CPU.Build.0 = Debug|Any CPU
		{D1048462-542D-404D-A5D4-0C99E66E3A55}.Release|Any CPU.ActiveCfg = Release|Any CPU
		{D1048462-542D-404D-A5D4-0C99E66E3A55}.Release|Any CPU.Build.0 = Release|Any CPU
		{E8D5ED12-FA37-4756-9BE2-A459E9F29954}.Debug|Any CPU.ActiveCfg = Debug|Any CPU
		{E8D5ED12-FA37-4756-9BE2-A459E9F29954}.Debug|Any CPU.Build.0 = Debug|Any CPU
		{E8D5ED12-FA37-4756-9BE2-A459E9F29954}.Release|Any CPU.ActiveCfg = Release|Any CPU
		{E8D5ED12-FA37-4756-9BE2-A459E9F29954}.Release|Any CPU.Build.0 = Release|Any CPU
	EndGlobalSection
	GlobalSection(SolutionProperties) = preSolution
		HideSolutionNode = FALSE
	EndGlobalSection
	GlobalSection(ExtensibilityGlobals) = postSolution
		SolutionGuid = {18703A99-902E-4286-9563-FA3FBE42A057}
	EndGlobalSection
EndGlobal
