
Microsoft Visual Studio Solution File, Format Version 12.00
# Visual Studio 15
VisualStudioVersion = 15.0.27428.2015
MinimumVisualStudioVersion = 10.0.40219.1
Project("{2150E333-8FDC-42A3-9474-1A3956D46DE8}") = "Docker", "Docker", "{84B95C04-6F81-4D28-8940-8A18BF358F3D}"
EndProject
Project("{9A19103F-16F7-4668-BE54-9A1E7A4F7556}") = "MusicStore", "MusicStore\MusicStore.csproj", "{DE2B22B0-0A8A-4FB5-B639-38D0F2C563EA}"
EndProject
Project("{E53339B2-1760-4266-BCC7-CA923CBCF16C}") = "docker-compose", "docker-compose.dcproj", "{190FE664-4034-4653-942A-21189A58070E}"
EndProject
Global
	GlobalSection(SolutionConfigurationPlatforms) = preSolution
		Debug|Any CPU = Debug|Any CPU
		Release|Any CPU = Release|Any CPU
	EndGlobalSection
	GlobalSection(ProjectConfigurationPlatforms) = postSolution
		{DE2B22B0-0A8A-4FB5-B639-38D0F2C563EA}.Debug|Any CPU.ActiveCfg = Debug|Any CPU
		{DE2B22B0-0A8A-4FB5-B639-38D0F2C563EA}.Debug|Any CPU.Build.0 = Debug|Any CPU
		{DE2B22B0-0A8A-4FB5-B639-38D0F2C563EA}.Release|Any CPU.ActiveCfg = Release|Any CPU
		{DE2B22B0-0A8A-4FB5-B639-38D0F2C563EA}.Release|Any CPU.Build.0 = Release|Any CPU
		{190FE664-4034-4653-942A-21189A58070E}.Debug|Any CPU.ActiveCfg = Debug|Any CPU
		{190FE664-4034-4653-942A-21189A58070E}.Debug|Any CPU.Build.0 = Debug|Any CPU
		{190FE664-4034-4653-942A-21189A58070E}.Release|Any CPU.ActiveCfg = Release|Any CPU
		{190FE664-4034-4653-942A-21189A58070E}.Release|Any CPU.Build.0 = Release|Any CPU
	EndGlobalSection
	GlobalSection(SolutionProperties) = preSolution
		HideSolutionNode = FALSE
	EndGlobalSection
	GlobalSection(NestedProjects) = preSolution
		{DE2B22B0-0A8A-4FB5-B639-38D0F2C563EA} = {84B95C04-6F81-4D28-8940-8A18BF358F3D}
	EndGlobalSection
	GlobalSection(ExtensibilityGlobals) = postSolution
		SolutionGuid = {F656E257-AC26-46FC-934B-79B8ABBCCBA7}
	EndGlobalSection
EndGlobal
